// !$*UTF8*$!
{
	archiveVersion = 1;
	classes = {
	};
	objectVersion = 48;
	objects = {

/* Begin PBXBuildFile section */
		0AF04D5B42A1EA81B4918CF9 /* Pods_Muzzic.framework in Frameworks */ = {isa = PBXBuildFile; fileRef = 593D7DC3B7B4AAD385CC59EB /* Pods_Muzzic.framework */; };
		8D056346207DF98A002CE08D /* APIUrls.swift in Sources */ = {isa = PBXBuildFile; fileRef = 8D056345207DF98A002CE08D /* APIUrls.swift */; };
		8D056348207DFA16002CE08D /* APIService.swift in Sources */ = {isa = PBXBuildFile; fileRef = 8D056347207DFA16002CE08D /* APIService.swift */; };
		8D05634A207DFAF6002CE08D /* APIBase.swift in Sources */ = {isa = PBXBuildFile; fileRef = 8D056349207DFAF6002CE08D /* APIBase.swift */; };
		8D05634C207DFB1B002CE08D /* ResponseMessage.swift in Sources */ = {isa = PBXBuildFile; fileRef = 8D05634B207DFB1B002CE08D /* ResponseMessage.swift */; };
		8D05634E207DFBE1002CE08D /* APIService+Song.swift in Sources */ = {isa = PBXBuildFile; fileRef = 8D05634D207DFBE1002CE08D /* APIService+Song.swift */; };
		8D056350207DFE9F002CE08D /* UserProfile.swift in Sources */ = {isa = PBXBuildFile; fileRef = 8D05634F207DFE9F002CE08D /* UserProfile.swift */; };
		8D056353207E04AE002CE08D /* SongRespository.swift in Sources */ = {isa = PBXBuildFile; fileRef = 8D056352207E04AE002CE08D /* SongRespository.swift */; };
		8D27B8102086F85A003DC6E3 /* DownloadManager.swift in Sources */ = {isa = PBXBuildFile; fileRef = 8D27B80F2086F85A003DC6E3 /* DownloadManager.swift */; };
		8D27B8132087296D003DC6E3 /* SongModel.xcdatamodeld in Sources */ = {isa = PBXBuildFile; fileRef = 8D27B8112087296D003DC6E3 /* SongModel.xcdatamodeld */; };
		8D27B83720873FE6003DC6E3 /* DBManager.swift in Sources */ = {isa = PBXBuildFile; fileRef = 8D27B83620873FE6003DC6E3 /* DBManager.swift */; };
		8D295C6E208483F40096B67F /* Shuffle.swift in Sources */ = {isa = PBXBuildFile; fileRef = 8D295C6D208483F40096B67F /* Shuffle.swift */; };
		8D295C75208498F20096B67F /* PlayerViewController.swift in Sources */ = {isa = PBXBuildFile; fileRef = 8D295C73208498F20096B67F /* PlayerViewController.swift */; };
		8D295C76208498F20096B67F /* PlayerViewController.xib in Resources */ = {isa = PBXBuildFile; fileRef = 8D295C74208498F20096B67F /* PlayerViewController.xib */; };
		8D295C792084A93B0096B67F /* UIViewController+.swift in Sources */ = {isa = PBXBuildFile; fileRef = 8D295C782084A93B0096B67F /* UIViewController+.swift */; };
		8D3D77E8207C4B9100B7DA69 /* Tabbar.storyboard in Resources */ = {isa = PBXBuildFile; fileRef = 8D3D77E7207C4B9000B7DA69 /* Tabbar.storyboard */; };
		8D3D77EA207C4C0000B7DA69 /* HomeTabBarController.swift in Sources */ = {isa = PBXBuildFile; fileRef = 8D3D77E9207C4C0000B7DA69 /* HomeTabBarController.swift */; };
		8D3D77EC207C53BA00B7DA69 /* Home.storyboard in Resources */ = {isa = PBXBuildFile; fileRef = 8D3D77EB207C53BA00B7DA69 /* Home.storyboard */; };
		8D3D77F1207C548D00B7DA69 /* Storyboards.swift in Sources */ = {isa = PBXBuildFile; fileRef = 8D3D77F0207C548D00B7DA69 /* Storyboards.swift */; };
		8D3D77F3207C553700B7DA69 /* Playlist.storyboard in Resources */ = {isa = PBXBuildFile; fileRef = 8D3D77F2207C553700B7DA69 /* Playlist.storyboard */; };
		8D3D781F207CBD9C00B7DA69 /* SongCollectionViewCell.swift in Sources */ = {isa = PBXBuildFile; fileRef = 8D3D781D207CBD9C00B7DA69 /* SongCollectionViewCell.swift */; };
		8D3D7820207CBD9C00B7DA69 /* SongCollectionViewCell.xib in Resources */ = {isa = PBXBuildFile; fileRef = 8D3D781E207CBD9C00B7DA69 /* SongCollectionViewCell.xib */; };
		8D3D7822207CC02100B7DA69 /* Song.swift in Sources */ = {isa = PBXBuildFile; fileRef = 8D3D7821207CC02100B7DA69 /* Song.swift */; };
		8DB929BD207B604000A12E40 /* AppDelegate.swift in Sources */ = {isa = PBXBuildFile; fileRef = 8DB929BC207B604000A12E40 /* AppDelegate.swift */; };
		8DB929C4207B604000A12E40 /* Assets.xcassets in Resources */ = {isa = PBXBuildFile; fileRef = 8DB929C3207B604000A12E40 /* Assets.xcassets */; };
		8DB929C7207B604000A12E40 /* LaunchScreen.storyboard in Resources */ = {isa = PBXBuildFile; fileRef = 8DB929C5207B604000A12E40 /* LaunchScreen.storyboard */; };
		8DBC51F4207F152200C36806 /* UIimageView+.swift in Sources */ = {isa = PBXBuildFile; fileRef = 8DBC51F3207F152200C36806 /* UIimageView+.swift */; };
		8DBC51F6207F19D300C36806 /* GenreViewController.swift in Sources */ = {isa = PBXBuildFile; fileRef = 8DBC51F5207F19D300C36806 /* GenreViewController.swift */; };
		8DBC51FA207F56D200C36806 /* Genres.swift in Sources */ = {isa = PBXBuildFile; fileRef = 8DBC51F9207F56D200C36806 /* Genres.swift */; };
		8DBC51FC207F587600C36806 /* Segues.swift in Sources */ = {isa = PBXBuildFile; fileRef = 8DBC51FB207F587600C36806 /* Segues.swift */; };
		8DBDBEB6208872B5003F4DBA /* PlaylistViewController.swift in Sources */ = {isa = PBXBuildFile; fileRef = 8DBDBEB5208872B5003F4DBA /* PlaylistViewController.swift */; };
		8DBDBEBB20887397003F4DBA /* PlaylistViewCell.swift in Sources */ = {isa = PBXBuildFile; fileRef = 8DBDBEB920887397003F4DBA /* PlaylistViewCell.swift */; };
		8DBDBEBC20887397003F4DBA /* PlaylistViewCell.xib in Resources */ = {isa = PBXBuildFile; fileRef = 8DBDBEBA20887397003F4DBA /* PlaylistViewCell.xib */; };
		8DD942BD208086F00031534A /* LoadMoreActivityIndicator.swift in Sources */ = {isa = PBXBuildFile; fileRef = 8DD942BC208086F00031534A /* LoadMoreActivityIndicator.swift */; };
		8DE3BCFE208989CC00EF0EDF /* MuzzicViewController.swift in Sources */ = {isa = PBXBuildFile; fileRef = 8DE3BCFD208989CC00EF0EDF /* MuzzicViewController.swift */; };
		8DE3BD022089937400EF0EDF /* HeaderView.swift in Sources */ = {isa = PBXBuildFile; fileRef = 8DE3BD002089937400EF0EDF /* HeaderView.swift */; };
		8DE3BD032089937400EF0EDF /* HeaderView.xib in Resources */ = {isa = PBXBuildFile; fileRef = 8DE3BD012089937400EF0EDF /* HeaderView.xib */; };
		8DE3BD0520899B2600EF0EDF /* UIView+.swift in Sources */ = {isa = PBXBuildFile; fileRef = 8DE3BD0420899B2600EF0EDF /* UIView+.swift */; };
		8DE3BD0820899E3500EF0EDF /* GenreTableViewCell.swift in Sources */ = {isa = PBXBuildFile; fileRef = 8DE3BD0620899E3500EF0EDF /* GenreTableViewCell.swift */; };
		8DE3BD0920899E3500EF0EDF /* GenreTableViewCell.xib in Resources */ = {isa = PBXBuildFile; fileRef = 8DE3BD0720899E3500EF0EDF /* GenreTableViewCell.xib */; };
		8DE3BD0B2089A8C000EF0EDF /* SectionData.swift in Sources */ = {isa = PBXBuildFile; fileRef = 8DE3BD0A2089A8C000EF0EDF /* SectionData.swift */; };
		8DE996D520844994007529C5 /* SongCustomViewCell.swift in Sources */ = {isa = PBXBuildFile; fileRef = 8DE996D320844994007529C5 /* SongCustomViewCell.swift */; };
		8DE996D620844994007529C5 /* SongCustomViewCell.xib in Resources */ = {isa = PBXBuildFile; fileRef = 8DE996D420844994007529C5 /* SongCustomViewCell.xib */; };
		8DFADE8C2080B47500179741 /* SearchViewController.swift in Sources */ = {isa = PBXBuildFile; fileRef = 8DFADE8B2080B47500179741 /* SearchViewController.swift */; };
/* End PBXBuildFile section */

/* Begin PBXFileReference section */
		1ABE7D0B654D91973F5CB59F /* Pods-Muzzic.release.xcconfig */ = {isa = PBXFileReference; includeInIndex = 1; lastKnownFileType = text.xcconfig; name = "Pods-Muzzic.release.xcconfig"; path = "Pods/Target Support Files/Pods-Muzzic/Pods-Muzzic.release.xcconfig"; sourceTree = "<group>"; };
		593D7DC3B7B4AAD385CC59EB /* Pods_Muzzic.framework */ = {isa = PBXFileReference; explicitFileType = wrapper.framework; includeInIndex = 0; path = Pods_Muzzic.framework; sourceTree = BUILT_PRODUCTS_DIR; };
		8D056345207DF98A002CE08D /* APIUrls.swift */ = {isa = PBXFileReference; lastKnownFileType = sourcecode.swift; path = APIUrls.swift; sourceTree = "<group>"; };
		8D056347207DFA16002CE08D /* APIService.swift */ = {isa = PBXFileReference; lastKnownFileType = sourcecode.swift; path = APIService.swift; sourceTree = "<group>"; };
		8D056349207DFAF6002CE08D /* APIBase.swift */ = {isa = PBXFileReference; lastKnownFileType = sourcecode.swift; path = APIBase.swift; sourceTree = "<group>"; };
		8D05634B207DFB1B002CE08D /* ResponseMessage.swift */ = {isa = PBXFileReference; lastKnownFileType = sourcecode.swift; path = ResponseMessage.swift; sourceTree = "<group>"; };
		8D05634D207DFBE1002CE08D /* APIService+Song.swift */ = {isa = PBXFileReference; lastKnownFileType = sourcecode.swift; path = "APIService+Song.swift"; sourceTree = "<group>"; };
		8D05634F207DFE9F002CE08D /* UserProfile.swift */ = {isa = PBXFileReference; lastKnownFileType = sourcecode.swift; path = UserProfile.swift; sourceTree = "<group>"; };
		8D056352207E04AE002CE08D /* SongRespository.swift */ = {isa = PBXFileReference; lastKnownFileType = sourcecode.swift; path = SongRespository.swift; sourceTree = "<group>"; };
		8D27B80F2086F85A003DC6E3 /* DownloadManager.swift */ = {isa = PBXFileReference; lastKnownFileType = sourcecode.swift; path = DownloadManager.swift; sourceTree = "<group>"; };
		8D27B8122087296D003DC6E3 /* SongModel.xcdatamodel */ = {isa = PBXFileReference; lastKnownFileType = wrapper.xcdatamodel; path = SongModel.xcdatamodel; sourceTree = "<group>"; };
		8D27B83620873FE6003DC6E3 /* DBManager.swift */ = {isa = PBXFileReference; lastKnownFileType = sourcecode.swift; path = DBManager.swift; sourceTree = "<group>"; };
		8D295C6D208483F40096B67F /* Shuffle.swift */ = {isa = PBXFileReference; lastKnownFileType = sourcecode.swift; path = Shuffle.swift; sourceTree = "<group>"; };
		8D295C73208498F20096B67F /* PlayerViewController.swift */ = {isa = PBXFileReference; lastKnownFileType = sourcecode.swift; path = PlayerViewController.swift; sourceTree = "<group>"; };
		8D295C74208498F20096B67F /* PlayerViewController.xib */ = {isa = PBXFileReference; lastKnownFileType = file.xib; path = PlayerViewController.xib; sourceTree = "<group>"; };
		8D295C782084A93B0096B67F /* UIViewController+.swift */ = {isa = PBXFileReference; lastKnownFileType = sourcecode.swift; path = "UIViewController+.swift"; sourceTree = "<group>"; };
		8D3D77E7207C4B9000B7DA69 /* Tabbar.storyboard */ = {isa = PBXFileReference; lastKnownFileType = file.storyboard; path = Tabbar.storyboard; sourceTree = "<group>"; };
		8D3D77E9207C4C0000B7DA69 /* HomeTabBarController.swift */ = {isa = PBXFileReference; lastKnownFileType = sourcecode.swift; path = HomeTabBarController.swift; sourceTree = "<group>"; };
		8D3D77EB207C53BA00B7DA69 /* Home.storyboard */ = {isa = PBXFileReference; lastKnownFileType = file.storyboard; path = Home.storyboard; sourceTree = "<group>"; };
		8D3D77F0207C548D00B7DA69 /* Storyboards.swift */ = {isa = PBXFileReference; lastKnownFileType = sourcecode.swift; path = Storyboards.swift; sourceTree = "<group>"; };
		8D3D77F2207C553700B7DA69 /* Playlist.storyboard */ = {isa = PBXFileReference; lastKnownFileType = file.storyboard; path = Playlist.storyboard; sourceTree = "<group>"; };
		8D3D781D207CBD9C00B7DA69 /* SongCollectionViewCell.swift */ = {isa = PBXFileReference; lastKnownFileType = sourcecode.swift; path = SongCollectionViewCell.swift; sourceTree = "<group>"; };
		8D3D781E207CBD9C00B7DA69 /* SongCollectionViewCell.xib */ = {isa = PBXFileReference; lastKnownFileType = file.xib; path = SongCollectionViewCell.xib; sourceTree = "<group>"; };
		8D3D7821207CC02100B7DA69 /* Song.swift */ = {isa = PBXFileReference; lastKnownFileType = sourcecode.swift; path = Song.swift; sourceTree = "<group>"; };
		8DB929B9207B604000A12E40 /* Muzzic.app */ = {isa = PBXFileReference; explicitFileType = wrapper.application; includeInIndex = 0; path = Muzzic.app; sourceTree = BUILT_PRODUCTS_DIR; };
		8DB929BC207B604000A12E40 /* AppDelegate.swift */ = {isa = PBXFileReference; lastKnownFileType = sourcecode.swift; path = AppDelegate.swift; sourceTree = "<group>"; };
		8DB929C3207B604000A12E40 /* Assets.xcassets */ = {isa = PBXFileReference; lastKnownFileType = folder.assetcatalog; path = Assets.xcassets; sourceTree = "<group>"; };
		8DB929C6207B604000A12E40 /* Base */ = {isa = PBXFileReference; lastKnownFileType = file.storyboard; name = Base; path = Base.lproj/LaunchScreen.storyboard; sourceTree = "<group>"; };
		8DB929C8207B604000A12E40 /* Info.plist */ = {isa = PBXFileReference; lastKnownFileType = text.plist.xml; path = Info.plist; sourceTree = "<group>"; };
		8DBC51F3207F152200C36806 /* UIimageView+.swift */ = {isa = PBXFileReference; lastKnownFileType = sourcecode.swift; path = "UIimageView+.swift"; sourceTree = "<group>"; };
		8DBC51F5207F19D300C36806 /* GenreViewController.swift */ = {isa = PBXFileReference; lastKnownFileType = sourcecode.swift; path = GenreViewController.swift; sourceTree = "<group>"; };
		8DBC51F9207F56D200C36806 /* Genres.swift */ = {isa = PBXFileReference; lastKnownFileType = sourcecode.swift; path = Genres.swift; sourceTree = "<group>"; };
		8DBC51FB207F587600C36806 /* Segues.swift */ = {isa = PBXFileReference; lastKnownFileType = sourcecode.swift; path = Segues.swift; sourceTree = "<group>"; };
		8DBDBEB5208872B5003F4DBA /* PlaylistViewController.swift */ = {isa = PBXFileReference; lastKnownFileType = sourcecode.swift; path = PlaylistViewController.swift; sourceTree = "<group>"; };
		8DBDBEB920887397003F4DBA /* PlaylistViewCell.swift */ = {isa = PBXFileReference; lastKnownFileType = sourcecode.swift; path = PlaylistViewCell.swift; sourceTree = "<group>"; };
		8DBDBEBA20887397003F4DBA /* PlaylistViewCell.xib */ = {isa = PBXFileReference; lastKnownFileType = file.xib; path = PlaylistViewCell.xib; sourceTree = "<group>"; };
		8DD942BC208086F00031534A /* LoadMoreActivityIndicator.swift */ = {isa = PBXFileReference; lastKnownFileType = sourcecode.swift; path = LoadMoreActivityIndicator.swift; sourceTree = "<group>"; };
		8DE3BCFD208989CC00EF0EDF /* MuzzicViewController.swift */ = {isa = PBXFileReference; lastKnownFileType = sourcecode.swift; path = MuzzicViewController.swift; sourceTree = "<group>"; };
		8DE3BD002089937400EF0EDF /* HeaderView.swift */ = {isa = PBXFileReference; lastKnownFileType = sourcecode.swift; path = HeaderView.swift; sourceTree = "<group>"; };
		8DE3BD012089937400EF0EDF /* HeaderView.xib */ = {isa = PBXFileReference; lastKnownFileType = file.xib; path = HeaderView.xib; sourceTree = "<group>"; };
		8DE3BD0420899B2600EF0EDF /* UIView+.swift */ = {isa = PBXFileReference; lastKnownFileType = sourcecode.swift; path = "UIView+.swift"; sourceTree = "<group>"; };
		8DE3BD0620899E3500EF0EDF /* GenreTableViewCell.swift */ = {isa = PBXFileReference; lastKnownFileType = sourcecode.swift; path = GenreTableViewCell.swift; sourceTree = "<group>"; };
		8DE3BD0720899E3500EF0EDF /* GenreTableViewCell.xib */ = {isa = PBXFileReference; lastKnownFileType = file.xib; path = GenreTableViewCell.xib; sourceTree = "<group>"; };
		8DE3BD0A2089A8C000EF0EDF /* SectionData.swift */ = {isa = PBXFileReference; lastKnownFileType = sourcecode.swift; path = SectionData.swift; sourceTree = "<group>"; };
		8DE996D320844994007529C5 /* SongCustomViewCell.swift */ = {isa = PBXFileReference; lastKnownFileType = sourcecode.swift; path = SongCustomViewCell.swift; sourceTree = "<group>"; };
		8DE996D420844994007529C5 /* SongCustomViewCell.xib */ = {isa = PBXFileReference; lastKnownFileType = file.xib; path = SongCustomViewCell.xib; sourceTree = "<group>"; };
		8DFADE8B2080B47500179741 /* SearchViewController.swift */ = {isa = PBXFileReference; lastKnownFileType = sourcecode.swift; path = SearchViewController.swift; sourceTree = "<group>"; };
		AD973DCE2771F82E274592F2 /* Pods-Muzzic.debug.xcconfig */ = {isa = PBXFileReference; includeInIndex = 1; lastKnownFileType = text.xcconfig; name = "Pods-Muzzic.debug.xcconfig"; path = "Pods/Target Support Files/Pods-Muzzic/Pods-Muzzic.debug.xcconfig"; sourceTree = "<group>"; };
/* End PBXFileReference section */

/* Begin PBXFrameworksBuildPhase section */
		8DB929B6207B604000A12E40 /* Frameworks */ = {
			isa = PBXFrameworksBuildPhase;
			buildActionMask = 2147483647;
			files = (
				0AF04D5B42A1EA81B4918CF9 /* Pods_Muzzic.framework in Frameworks */,
			);
			runOnlyForDeploymentPostprocessing = 0;
		};
/* End PBXFrameworksBuildPhase section */

/* Begin PBXGroup section */
		3F76097FEC03B531483A820E /* Frameworks */ = {
			isa = PBXGroup;
			children = (
				593D7DC3B7B4AAD385CC59EB /* Pods_Muzzic.framework */,
			);
			name = Frameworks;
			sourceTree = "<group>";
		};
		8D056351207E0495002CE08D /* Respositories */ = {
			isa = PBXGroup;
			children = (
				8D056352207E04AE002CE08D /* SongRespository.swift */,
				8D27B80F2086F85A003DC6E3 /* DownloadManager.swift */,
				8D27B83620873FE6003DC6E3 /* DBManager.swift */,
			);
			path = Respositories;
			sourceTree = "<group>";
		};
		8D27B81420872976003DC6E3 /* Database */ = {
			isa = PBXGroup;
			children = (
				8D27B8112087296D003DC6E3 /* SongModel.xcdatamodeld */,
			);
			path = Database;
			sourceTree = "<group>";
		};
		8D295C772084992E0096B67F /* Player */ = {
			isa = PBXGroup;
			children = (
				8D295C73208498F20096B67F /* PlayerViewController.swift */,
				8D295C74208498F20096B67F /* PlayerViewController.xib */,
			);
			name = Player;
			path = "New Group";
			sourceTree = "<group>";
		};
		8D3D77ED207C53CA00B7DA69 /* StoryBoards */ = {
			isa = PBXGroup;
			children = (
				8DB929C5207B604000A12E40 /* LaunchScreen.storyboard */,
				8D3D77E7207C4B9000B7DA69 /* Tabbar.storyboard */,
				8D3D77EB207C53BA00B7DA69 /* Home.storyboard */,
				8D3D77F2207C553700B7DA69 /* Playlist.storyboard */,
			);
			path = StoryBoards;
			sourceTree = "<group>";
		};
		8D3D77EE207C540900B7DA69 /* Extension */ = {
			isa = PBXGroup;
			children = (
				8D3D77F0207C548D00B7DA69 /* Storyboards.swift */,
				8DBC51F3207F152200C36806 /* UIimageView+.swift */,
				8D295C782084A93B0096B67F /* UIViewController+.swift */,
				8DE3BD0420899B2600EF0EDF /* UIView+.swift */,
			);
			path = Extension;
			sourceTree = "<group>";
		};
		8D3D77EF207C541500B7DA69 /* ViewControllers */ = {
			isa = PBXGroup;
			children = (
				8DBDBEB42088725D003F4DBA /* Playlist */,
				8D295C772084992E0096B67F /* Player */,
				8DE996D220843397007529C5 /* Home */,
				8D3D77E9207C4C0000B7DA69 /* HomeTabBarController.swift */,
			);
			path = ViewControllers;
			sourceTree = "<group>";
		};
		8D3D77FA207C6F9700B7DA69 /* Common */ = {
			isa = PBXGroup;
			children = (
				8D05634F207DFE9F002CE08D /* UserProfile.swift */,
				8DBC51F9207F56D200C36806 /* Genres.swift */,
				8DBC51FB207F587600C36806 /* Segues.swift */,
				8D295C6D208483F40096B67F /* Shuffle.swift */,
				8DE3BD0A2089A8C000EF0EDF /* SectionData.swift */,
			);
			path = Common;
			sourceTree = "<group>";
		};
		8D3D7819207CBB0700B7DA69 /* Models */ = {
			isa = PBXGroup;
			children = (
				8D3D7821207CC02100B7DA69 /* Song.swift */,
			);
			path = Models;
			sourceTree = "<group>";
		};
		8D3D781A207CBD4500B7DA69 /* Views */ = {
			isa = PBXGroup;
			children = (
				8DD942BB208086BF0031534A /* LoadMore */,
				8DE3BCFF2089915D00EF0EDF /* HeaderCell */,
				8D3D781B207CBD5000B7DA69 /* Cell */,
			);
			path = Views;
			sourceTree = "<group>";
		};
		8D3D781B207CBD5000B7DA69 /* Cell */ = {
			isa = PBXGroup;
			children = (
				8D3D781D207CBD9C00B7DA69 /* SongCollectionViewCell.swift */,
				8D3D781E207CBD9C00B7DA69 /* SongCollectionViewCell.xib */,
				8DE996D320844994007529C5 /* SongCustomViewCell.swift */,
				8DE996D420844994007529C5 /* SongCustomViewCell.xib */,
				8DBDBEB920887397003F4DBA /* PlaylistViewCell.swift */,
				8DBDBEBA20887397003F4DBA /* PlaylistViewCell.xib */,
				8DE3BD0620899E3500EF0EDF /* GenreTableViewCell.swift */,
				8DE3BD0720899E3500EF0EDF /* GenreTableViewCell.xib */,
			);
			path = Cell;
			sourceTree = "<group>";
		};
		8D3D781C207CBD6F00B7DA69 /* Services */ = {
			isa = PBXGroup;
			children = (
				8D056345207DF98A002CE08D /* APIUrls.swift */,
				8D056347207DFA16002CE08D /* APIService.swift */,
				8D056349207DFAF6002CE08D /* APIBase.swift */,
				8D05634B207DFB1B002CE08D /* ResponseMessage.swift */,
				8D05634D207DFBE1002CE08D /* APIService+Song.swift */,
			);
			path = Services;
			sourceTree = "<group>";
		};
		8DB929B0207B604000A12E40 = {
			isa = PBXGroup;
			children = (
				8DB929BB207B604000A12E40 /* Muzzic */,
				8DB929BA207B604000A12E40 /* Products */,
				8E768F1ACC59E714E465403E /* Pods */,
				3F76097FEC03B531483A820E /* Frameworks */,
			);
			sourceTree = "<group>";
		};
		8DB929BA207B604000A12E40 /* Products */ = {
			isa = PBXGroup;
			children = (
				8DB929B9207B604000A12E40 /* Muzzic.app */,
			);
			name = Products;
			sourceTree = "<group>";
		};
		8DB929BB207B604000A12E40 /* Muzzic */ = {
			isa = PBXGroup;
			children = (
				8D27B81420872976003DC6E3 /* Database */,
				8D056351207E0495002CE08D /* Respositories */,
				8D3D781C207CBD6F00B7DA69 /* Services */,
				8D3D7819207CBB0700B7DA69 /* Models */,
				8D3D77FA207C6F9700B7DA69 /* Common */,
				8D3D781A207CBD4500B7DA69 /* Views */,
				8D3D77EF207C541500B7DA69 /* ViewControllers */,
				8D3D77EE207C540900B7DA69 /* Extension */,
				8D3D77ED207C53CA00B7DA69 /* StoryBoards */,
				8DB929BC207B604000A12E40 /* AppDelegate.swift */,
				8DB929C3207B604000A12E40 /* Assets.xcassets */,
				8DB929C8207B604000A12E40 /* Info.plist */,
			);
			path = Muzzic;
			sourceTree = "<group>";
		};
		8DBDBEB42088725D003F4DBA /* Playlist */ = {
			isa = PBXGroup;
			children = (
				8DBDBEB5208872B5003F4DBA /* PlaylistViewController.swift */,
			);
			path = Playlist;
			sourceTree = "<group>";
		};
		8DD942BB208086BF0031534A /* LoadMore */ = {
			isa = PBXGroup;
			children = (
				8DD942BC208086F00031534A /* LoadMoreActivityIndicator.swift */,
			);
			path = LoadMore;
			sourceTree = "<group>";
		};
		8DE3BCFF2089915D00EF0EDF /* HeaderCell */ = {
			isa = PBXGroup;
			children = (
				8DE3BD002089937400EF0EDF /* HeaderView.swift */,
				8DE3BD012089937400EF0EDF /* HeaderView.xib */,
			);
			path = HeaderCell;
			sourceTree = "<group>";
		};
		8DE996D220843397007529C5 /* Home */ = {
			isa = PBXGroup;
			children = (
				8DBC51F5207F19D300C36806 /* GenreViewController.swift */,
				8DFADE8B2080B47500179741 /* SearchViewController.swift */,
				8DE3BCFD208989CC00EF0EDF /* MuzzicViewController.swift */,
			);
			path = Home;
			sourceTree = "<group>";
		};
		8E768F1ACC59E714E465403E /* Pods */ = {
			isa = PBXGroup;
			children = (
				AD973DCE2771F82E274592F2 /* Pods-Muzzic.debug.xcconfig */,
				1ABE7D0B654D91973F5CB59F /* Pods-Muzzic.release.xcconfig */,
			);
			name = Pods;
			sourceTree = "<group>";
		};
/* End PBXGroup section */

/* Begin PBXNativeTarget section */
		8DB929B8207B604000A12E40 /* Muzzic */ = {
			isa = PBXNativeTarget;
			buildConfigurationList = 8DB929CB207B604000A12E40 /* Build configuration list for PBXNativeTarget "Muzzic" */;
			buildPhases = (
				2297B2E1D3DB5474B2B2721A /* [CP] Check Pods Manifest.lock */,
				8DB929B5207B604000A12E40 /* Sources */,
				8DB929B6207B604000A12E40 /* Frameworks */,
				8DB929B7207B604000A12E40 /* Resources */,
				0A332374864F43BC7134BBBD /* [CP] Embed Pods Frameworks */,
				CECE51BB010208AD57844BC9 /* [CP] Copy Pods Resources */,
				8DB929CE207B661D00A12E40 /* ShellScript */,
			);
			buildRules = (
			);
			dependencies = (
			);
			name = Muzzic;
			productName = Muzzic;
			productReference = 8DB929B9207B604000A12E40 /* Muzzic.app */;
			productType = "com.apple.product-type.application";
		};
/* End PBXNativeTarget section */

/* Begin PBXProject section */
		8DB929B1207B604000A12E40 /* Project object */ = {
			isa = PBXProject;
			attributes = {
				LastSwiftUpdateCheck = 0920;
				LastUpgradeCheck = 0920;
				ORGANIZATIONNAME = khuc.d.m.nguyen;
				TargetAttributes = {
					8DB929B8207B604000A12E40 = {
						CreatedOnToolsVersion = 9.2;
						ProvisioningStyle = Automatic;
						SystemCapabilities = {
							com.apple.BackgroundModes = {
								enabled = 1;
							};
						};
					};
				};
			};
			buildConfigurationList = 8DB929B4207B604000A12E40 /* Build configuration list for PBXProject "Muzzic" */;
			compatibilityVersion = "Xcode 8.0";
			developmentRegion = en;
			hasScannedForEncodings = 0;
			knownRegions = (
				en,
				Base,
			);
			mainGroup = 8DB929B0207B604000A12E40;
			productRefGroup = 8DB929BA207B604000A12E40 /* Products */;
			projectDirPath = "";
			projectRoot = "";
			targets = (
				8DB929B8207B604000A12E40 /* Muzzic */,
			);
		};
/* End PBXProject section */

/* Begin PBXResourcesBuildPhase section */
		8DB929B7207B604000A12E40 /* Resources */ = {
			isa = PBXResourcesBuildPhase;
			buildActionMask = 2147483647;
			files = (
				8D3D77E8207C4B9100B7DA69 /* Tabbar.storyboard in Resources */,
				8DE3BD032089937400EF0EDF /* HeaderView.xib in Resources */,
				8DB929C7207B604000A12E40 /* LaunchScreen.storyboard in Resources */,
				8D295C76208498F20096B67F /* PlayerViewController.xib in Resources */,
				8DB929C4207B604000A12E40 /* Assets.xcassets in Resources */,
				8D3D77F3207C553700B7DA69 /* Playlist.storyboard in Resources */,
				8DBDBEBC20887397003F4DBA /* PlaylistViewCell.xib in Resources */,
				8D3D77EC207C53BA00B7DA69 /* Home.storyboard in Resources */,
				8DE3BD0920899E3500EF0EDF /* GenreTableViewCell.xib in Resources */,
				8D3D7820207CBD9C00B7DA69 /* SongCollectionViewCell.xib in Resources */,
				8DE996D620844994007529C5 /* SongCustomViewCell.xib in Resources */,
			);
			runOnlyForDeploymentPostprocessing = 0;
		};
/* End PBXResourcesBuildPhase section */

/* Begin PBXShellScriptBuildPhase section */
		0A332374864F43BC7134BBBD /* [CP] Embed Pods Frameworks */ = {
			isa = PBXShellScriptBuildPhase;
			buildActionMask = 2147483647;
			files = (
			);
			inputPaths = (
				"${SRCROOT}/Pods/Target Support Files/Pods-Muzzic/Pods-Muzzic-frameworks.sh",
				"${BUILT_PRODUCTS_DIR}/Alamofire/Alamofire.framework",
				"${BUILT_PRODUCTS_DIR}/Kingfisher/Kingfisher.framework",
				"${BUILT_PRODUCTS_DIR}/ObjectMapper/ObjectMapper.framework",
				"${BUILT_PRODUCTS_DIR}/PKHUD/PKHUD.framework",
			);
			name = "[CP] Embed Pods Frameworks";
			outputPaths = (
				"${TARGET_BUILD_DIR}/${FRAMEWORKS_FOLDER_PATH}/Alamofire.framework",
				"${TARGET_BUILD_DIR}/${FRAMEWORKS_FOLDER_PATH}/Kingfisher.framework",
				"${TARGET_BUILD_DIR}/${FRAMEWORKS_FOLDER_PATH}/ObjectMapper.framework",
				"${TARGET_BUILD_DIR}/${FRAMEWORKS_FOLDER_PATH}/PKHUD.framework",
			);
			runOnlyForDeploymentPostprocessing = 0;
			shellPath = /bin/sh;
			shellScript = "\"${SRCROOT}/Pods/Target Support Files/Pods-Muzzic/Pods-Muzzic-frameworks.sh\"\n";
			showEnvVarsInLog = 0;
		};
		2297B2E1D3DB5474B2B2721A /* [CP] Check Pods Manifest.lock */ = {
			isa = PBXShellScriptBuildPhase;
			buildActionMask = 2147483647;
			files = (
			);
			inputPaths = (
				"${PODS_PODFILE_DIR_PATH}/Podfile.lock",
				"${PODS_ROOT}/Manifest.lock",
			);
			name = "[CP] Check Pods Manifest.lock";
			outputPaths = (
				"$(DERIVED_FILE_DIR)/Pods-Muzzic-checkManifestLockResult.txt",
			);
			runOnlyForDeploymentPostprocessing = 0;
			shellPath = /bin/sh;
			shellScript = "diff \"${PODS_PODFILE_DIR_PATH}/Podfile.lock\" \"${PODS_ROOT}/Manifest.lock\" > /dev/null\nif [ $? != 0 ] ; then\n    # print error to STDERR\n    echo \"error: The sandbox is not in sync with the Podfile.lock. Run 'pod install' or update your CocoaPods installation.\" >&2\n    exit 1\nfi\n# This output is used by Xcode 'outputs' to avoid re-running this script phase.\necho \"SUCCESS\" > \"${SCRIPT_OUTPUT_FILE_0}\"\n";
			showEnvVarsInLog = 0;
		};
		8DB929CE207B661D00A12E40 /* ShellScript */ = {
			isa = PBXShellScriptBuildPhase;
			buildActionMask = 2147483647;
			files = (
			);
			inputPaths = (
			);
			outputPaths = (
			);
			runOnlyForDeploymentPostprocessing = 0;
			shellPath = /bin/sh;
			shellScript = "\"${PODS_ROOT}/SwiftLint/swiftlint\"";
		};
		CECE51BB010208AD57844BC9 /* [CP] Copy Pods Resources */ = {
			isa = PBXShellScriptBuildPhase;
			buildActionMask = 2147483647;
			files = (
			);
			inputPaths = (
			);
			name = "[CP] Copy Pods Resources";
			outputPaths = (
			);
			runOnlyForDeploymentPostprocessing = 0;
			shellPath = /bin/sh;
			shellScript = "\"${SRCROOT}/Pods/Target Support Files/Pods-Muzzic/Pods-Muzzic-resources.sh\"\n";
			showEnvVarsInLog = 0;
		};
/* End PBXShellScriptBuildPhase section */

/* Begin PBXSourcesBuildPhase section */
		8DB929B5207B604000A12E40 /* Sources */ = {
			isa = PBXSourcesBuildPhase;
			buildActionMask = 2147483647;
			files = (
				8D05634C207DFB1B002CE08D /* ResponseMessage.swift in Sources */,
				8DE3BD0B2089A8C000EF0EDF /* SectionData.swift in Sources */,
				8D3D7822207CC02100B7DA69 /* Song.swift in Sources */,
				8D056350207DFE9F002CE08D /* UserProfile.swift in Sources */,
				8DD942BD208086F00031534A /* LoadMoreActivityIndicator.swift in Sources */,
				8DBC51F4207F152200C36806 /* UIimageView+.swift in Sources */,
				8D3D77F1207C548D00B7DA69 /* Storyboards.swift in Sources */,
				8DBC51FC207F587600C36806 /* Segues.swift in Sources */,
				8DBDBEBB20887397003F4DBA /* PlaylistViewCell.swift in Sources */,
				8D056346207DF98A002CE08D /* APIUrls.swift in Sources */,
				8DBC51FA207F56D200C36806 /* Genres.swift in Sources */,
				8DE3BD0520899B2600EF0EDF /* UIView+.swift in Sources */,
				8D295C6E208483F40096B67F /* Shuffle.swift in Sources */,
				8D056348207DFA16002CE08D /* APIService.swift in Sources */,
				8D27B8132087296D003DC6E3 /* SongModel.xcdatamodeld in Sources */,
				8DBC51F6207F19D300C36806 /* GenreViewController.swift in Sources */,
				8DE3BD0820899E3500EF0EDF /* GenreTableViewCell.swift in Sources */,
				8D27B8102086F85A003DC6E3 /* DownloadManager.swift in Sources */,
				8DBDBEB6208872B5003F4DBA /* PlaylistViewController.swift in Sources */,
				8D05634A207DFAF6002CE08D /* APIBase.swift in Sources */,
				8DE3BD022089937400EF0EDF /* HeaderView.swift in Sources */,
				8DFADE8C2080B47500179741 /* SearchViewController.swift in Sources */,
				8D295C792084A93B0096B67F /* UIViewController+.swift in Sources */,
				8D295C75208498F20096B67F /* PlayerViewController.swift in Sources */,
				8D3D781F207CBD9C00B7DA69 /* SongCollectionViewCell.swift in Sources */,
				8D3D77EA207C4C0000B7DA69 /* HomeTabBarController.swift in Sources */,
				8D05634E207DFBE1002CE08D /* APIService+Song.swift in Sources */,
				8D056353207E04AE002CE08D /* SongRespository.swift in Sources */,
				8DE996D520844994007529C5 /* SongCustomViewCell.swift in Sources */,
				8DB929BD207B604000A12E40 /* AppDelegate.swift in Sources */,
				8DE3BCFE208989CC00EF0EDF /* MuzzicViewController.swift in Sources */,
				8D27B83720873FE6003DC6E3 /* DBManager.swift in Sources */,
			);
			runOnlyForDeploymentPostprocessing = 0;
		};
/* End PBXSourcesBuildPhase section */

/* Begin PBXVariantGroup section */
		8DB929C5207B604000A12E40 /* LaunchScreen.storyboard */ = {
			isa = PBXVariantGroup;
			children = (
				8DB929C6207B604000A12E40 /* Base */,
			);
			name = LaunchScreen.storyboard;
			sourceTree = "<group>";
		};
/* End PBXVariantGroup section */

/* Begin XCBuildConfiguration section */
		8DB929C9207B604000A12E40 /* Debug */ = {
			isa = XCBuildConfiguration;
			buildSettings = {
				ALWAYS_SEARCH_USER_PATHS = NO;
				CLANG_ANALYZER_NONNULL = YES;
				CLANG_ANALYZER_NUMBER_OBJECT_CONVERSION = YES_AGGRESSIVE;
				CLANG_CXX_LANGUAGE_STANDARD = "gnu++14";
				CLANG_CXX_LIBRARY = "libc++";
				CLANG_ENABLE_MODULES = YES;
				CLANG_ENABLE_OBJC_ARC = YES;
				CLANG_WARN_BLOCK_CAPTURE_AUTORELEASING = YES;
				CLANG_WARN_BOOL_CONVERSION = YES;
				CLANG_WARN_COMMA = YES;
				CLANG_WARN_CONSTANT_CONVERSION = YES;
				CLANG_WARN_DIRECT_OBJC_ISA_USAGE = YES_ERROR;
				CLANG_WARN_DOCUMENTATION_COMMENTS = YES;
				CLANG_WARN_EMPTY_BODY = YES;
				CLANG_WARN_ENUM_CONVERSION = YES;
				CLANG_WARN_INFINITE_RECURSION = YES;
				CLANG_WARN_INT_CONVERSION = YES;
				CLANG_WARN_NON_LITERAL_NULL_CONVERSION = YES;
				CLANG_WARN_OBJC_LITERAL_CONVERSION = YES;
				CLANG_WARN_OBJC_ROOT_CLASS = YES_ERROR;
				CLANG_WARN_RANGE_LOOP_ANALYSIS = YES;
				CLANG_WARN_STRICT_PROTOTYPES = YES;
				CLANG_WARN_SUSPICIOUS_MOVE = YES;
				CLANG_WARN_UNGUARDED_AVAILABILITY = YES_AGGRESSIVE;
				CLANG_WARN_UNREACHABLE_CODE = YES;
				CLANG_WARN__DUPLICATE_METHOD_MATCH = YES;
				CODE_SIGN_IDENTITY = "iPhone Developer";
				COPY_PHASE_STRIP = NO;
				DEBUG_INFORMATION_FORMAT = dwarf;
				ENABLE_STRICT_OBJC_MSGSEND = YES;
				ENABLE_TESTABILITY = YES;
				GCC_C_LANGUAGE_STANDARD = gnu11;
				GCC_DYNAMIC_NO_PIC = NO;
				GCC_NO_COMMON_BLOCKS = YES;
				GCC_OPTIMIZATION_LEVEL = 0;
				GCC_PREPROCESSOR_DEFINITIONS = (
					"DEBUG=1",
					"$(inherited)",
				);
				GCC_WARN_64_TO_32_BIT_CONVERSION = YES;
				GCC_WARN_ABOUT_RETURN_TYPE = YES_ERROR;
				GCC_WARN_UNDECLARED_SELECTOR = YES;
				GCC_WARN_UNINITIALIZED_AUTOS = YES_AGGRESSIVE;
				GCC_WARN_UNUSED_FUNCTION = YES;
				GCC_WARN_UNUSED_VARIABLE = YES;
				IPHONEOS_DEPLOYMENT_TARGET = 11.2;
				MTL_ENABLE_DEBUG_INFO = YES;
				ONLY_ACTIVE_ARCH = YES;
				SDKROOT = iphoneos;
				SWIFT_ACTIVE_COMPILATION_CONDITIONS = DEBUG;
				SWIFT_OPTIMIZATION_LEVEL = "-Onone";
			};
			name = Debug;
		};
		8DB929CA207B604000A12E40 /* Release */ = {
			isa = XCBuildConfiguration;
			buildSettings = {
				ALWAYS_SEARCH_USER_PATHS = NO;
				CLANG_ANALYZER_NONNULL = YES;
				CLANG_ANALYZER_NUMBER_OBJECT_CONVERSION = YES_AGGRESSIVE;
				CLANG_CXX_LANGUAGE_STANDARD = "gnu++14";
				CLANG_CXX_LIBRARY = "libc++";
				CLANG_ENABLE_MODULES = YES;
				CLANG_ENABLE_OBJC_ARC = YES;
				CLANG_WARN_BLOCK_CAPTURE_AUTORELEASING = YES;
				CLANG_WARN_BOOL_CONVERSION = YES;
				CLANG_WARN_COMMA = YES;
				CLANG_WARN_CONSTANT_CONVERSION = YES;
				CLANG_WARN_DIRECT_OBJC_ISA_USAGE = YES_ERROR;
				CLANG_WARN_DOCUMENTATION_COMMENTS = YES;
				CLANG_WARN_EMPTY_BODY = YES;
				CLANG_WARN_ENUM_CONVERSION = YES;
				CLANG_WARN_INFINITE_RECURSION = YES;
				CLANG_WARN_INT_CONVERSION = YES;
				CLANG_WARN_NON_LITERAL_NULL_CONVERSION = YES;
				CLANG_WARN_OBJC_LITERAL_CONVERSION = YES;
				CLANG_WARN_OBJC_ROOT_CLASS = YES_ERROR;
				CLANG_WARN_RANGE_LOOP_ANALYSIS = YES;
				CLANG_WARN_STRICT_PROTOTYPES = YES;
				CLANG_WARN_SUSPICIOUS_MOVE = YES;
				CLANG_WARN_UNGUARDED_AVAILABILITY = YES_AGGRESSIVE;
				CLANG_WARN_UNREACHABLE_CODE = YES;
				CLANG_WARN__DUPLICATE_METHOD_MATCH = YES;
				CODE_SIGN_IDENTITY = "iPhone Developer";
				COPY_PHASE_STRIP = NO;
				DEBUG_INFORMATION_FORMAT = "dwarf-with-dsym";
				ENABLE_NS_ASSERTIONS = NO;
				ENABLE_STRICT_OBJC_MSGSEND = YES;
				GCC_C_LANGUAGE_STANDARD = gnu11;
				GCC_NO_COMMON_BLOCKS = YES;
				GCC_WARN_64_TO_32_BIT_CONVERSION = YES;
				GCC_WARN_ABOUT_RETURN_TYPE = YES_ERROR;
				GCC_WARN_UNDECLARED_SELECTOR = YES;
				GCC_WARN_UNINITIALIZED_AUTOS = YES_AGGRESSIVE;
				GCC_WARN_UNUSED_FUNCTION = YES;
				GCC_WARN_UNUSED_VARIABLE = YES;
				IPHONEOS_DEPLOYMENT_TARGET = 11.2;
				MTL_ENABLE_DEBUG_INFO = NO;
				SDKROOT = iphoneos;
				SWIFT_OPTIMIZATION_LEVEL = "-Owholemodule";
				VALIDATE_PRODUCT = YES;
			};
			name = Release;
		};
		8DB929CC207B604000A12E40 /* Debug */ = {
			isa = XCBuildConfiguration;
			baseConfigurationReference = AD973DCE2771F82E274592F2 /* Pods-Muzzic.debug.xcconfig */;
			buildSettings = {
				ASSETCATALOG_COMPILER_APPICON_NAME = AppIcon;
				CODE_SIGN_STYLE = Automatic;
				DEVELOPMENT_TEAM = 6T5D3D3FXV;
				INFOPLIST_FILE = Muzzic/Info.plist;
				IPHONEOS_DEPLOYMENT_TARGET = 11.0;
				LD_RUNPATH_SEARCH_PATHS = "$(inherited) @executable_path/Frameworks";
				PRODUCT_BUNDLE_IDENTIFIER = framgia.Muzzic;
				PRODUCT_NAME = "$(TARGET_NAME)";
				SWIFT_VERSION = 4.0;
				TARGETED_DEVICE_FAMILY = "1,2";
			};
			name = Debug;
		};
		8DB929CD207B604000A12E40 /* Release */ = {
			isa = XCBuildConfiguration;
			baseConfigurationReference = 1ABE7D0B654D91973F5CB59F /* Pods-Muzzic.release.xcconfig */;
			buildSettings = {
				ASSETCATALOG_COMPILER_APPICON_NAME = AppIcon;
				CODE_SIGN_STYLE = Automatic;
				DEVELOPMENT_TEAM = 6T5D3D3FXV;
				INFOPLIST_FILE = Muzzic/Info.plist;
				IPHONEOS_DEPLOYMENT_TARGET = 11.0;
				LD_RUNPATH_SEARCH_PATHS = "$(inherited) @executable_path/Frameworks";
				PRODUCT_BUNDLE_IDENTIFIER = framgia.Muzzic;
				PRODUCT_NAME = "$(TARGET_NAME)";
				SWIFT_VERSION = 4.0;
				TARGETED_DEVICE_FAMILY = "1,2";
			};
			name = Release;
		};
/* End XCBuildConfiguration section */

/* Begin XCConfigurationList section */
		8DB929B4207B604000A12E40 /* Build configuration list for PBXProject "Muzzic" */ = {
			isa = XCConfigurationList;
			buildConfigurations = (
				8DB929C9207B604000A12E40 /* Debug */,
				8DB929CA207B604000A12E40 /* Release */,
			);
			defaultConfigurationIsVisible = 0;
			defaultConfigurationName = Release;
		};
		8DB929CB207B604000A12E40 /* Build configuration list for PBXNativeTarget "Muzzic" */ = {
			isa = XCConfigurationList;
			buildConfigurations = (
				8DB929CC207B604000A12E40 /* Debug */,
				8DB929CD207B604000A12E40 /* Release */,
			);
			defaultConfigurationIsVisible = 0;
			defaultConfigurationName = Release;
		};
/* End XCConfigurationList section */

/* Begin XCVersionGroup section */
		8D27B8112087296D003DC6E3 /* SongModel.xcdatamodeld */ = {
			isa = XCVersionGroup;
			children = (
				8D27B8122087296D003DC6E3 /* SongModel.xcdatamodel */,
			);
			currentVersion = 8D27B8122087296D003DC6E3 /* SongModel.xcdatamodel */;
			path = SongModel.xcdatamodeld;
			sourceTree = "<group>";
			versionGroupType = wrapper.xcdatamodel;
		};
/* End XCVersionGroup section */
	};
	rootObject = 8DB929B1207B604000A12E40 /* Project object */;
}
